
Microsoft Visual Studio Solution File, Format Version 12.00
# Visual Studio Version 16
VisualStudioVersion = 16.0.29613.14
MinimumVisualStudioVersion = 10.0.40219.1
Project("{8BC9CEB8-8B4A-11D0-8D11-00A0C91BC942}") = "IdaTestPlugin", "IdaTestPlugin.vcxproj", "{04040E3E-9FC3-4E49-B192-99725FC9A619}"
EndProject
Global
	GlobalSection(SolutionConfigurationPlatforms) = preSolution
		ida32_Debug|x64 = ida32_Debug|x64
		ida32_Debug|x86 = ida32_Debug|x86
		ida64_Debug|x64 = ida64_Debug|x64
		ida64_Debug|x86 = ida64_Debug|x86
		Release|x64 = Release|x64
		Release|x86 = Release|x86
	EndGlobalSection
	GlobalSection(ProjectConfigurationPlatforms) = postSolution
		{04040E3E-9FC3-4E49-B192-99725FC9A619}.ida32_Debug|x64.ActiveCfg = ida32_Debug|x64
		{04040E3E-9FC3-4E49-B192-99725FC9A619}.ida32_Debug|x64.Build.0 = ida32_Debug|x64
		{04040E3E-9FC3-4E49-B192-99725FC9A619}.ida32_Debug|x86.ActiveCfg = ida32_Debug|Win32
		{04040E3E-9FC3-4E49-B192-99725FC9A619}.ida32_Debug|x86.Build.0 = ida32_Debug|Win32
		{04040E3E-9FC3-4E49-B192-99725FC9A619}.ida64_Debug|x64.ActiveCfg = ida64_Debug|x64
		{04040E3E-9FC3-4E49-B192-99725FC9A619}.ida64_Debug|x64.Build.0 = ida64_Debug|x64
		{04040E3E-9FC3-4E49-B192-99725FC9A619}.ida64_Debug|x86.ActiveCfg = ida64_Debug|Win32
		{04040E3E-9FC3-4E49-B192-99725FC9A619}.ida64_Debug|x86.Build.0 = ida64_Debug|Win32
		{04040E3E-9FC3-4E49-B192-99725FC9A619}.Release|x64.ActiveCfg = Release|x64
		{04040E3E-9FC3-4E49-B192-99725FC9A619}.Release|x64.Build.0 = Release|x64
		{04040E3E-9FC3-4E49-B192-99725FC9A619}.Release|x86.ActiveCfg = Release|Win32
		{04040E3E-9FC3-4E49-B192-99725FC9A619}.Release|x86.Build.0 = Release|Win32
	EndGlobalSection
	GlobalSection(SolutionProperties) = preSolution
		HideSolutionNode = FALSE
	EndGlobalSection
	GlobalSection(ExtensibilityGlobals) = postSolution
		SolutionGuid = {91D2CED6-AE33-4DCB-8699-A3D313A41F0E}
	EndGlobalSection
EndGlobal
